
Microsoft Visual Studio Solution File, Format Version 12.00
# Visual Studio 15
VisualStudioVersion = 15.0.28307.106
MinimumVisualStudioVersion = 10.0.40219.1
Project("{FAE04EC0-301F-11D3-BF4B-00C04F79EFBC}") = "WeatherBotApp.Android", "WeatherBotApp\WeatherBotApp.Android\WeatherBotApp.Android.csproj", "{C5680A14-1B33-40BD-8F69-78BAC445DA74}"
EndProject
Project("{FAE04EC0-301F-11D3-BF4B-00C04F79EFBC}") = "WeatherBotApp.iOS", "WeatherBotApp\WeatherBotApp.iOS\WeatherBotApp.iOS.csproj", "{CFF184EF-F57A-4232-9ADE-CD7C8FFB4A37}"
EndProject
Project("{FAE04EC0-301F-11D3-BF4B-00C04F79EFBC}") = "WeatherBotApp.UWP", "WeatherBotApp\WeatherBotApp.UWP\WeatherBotApp.UWP.csproj", "{9842535D-748F-4AFE-8F7E-C67E01189096}"
EndProject
Project("{FAE04EC0-301F-11D3-BF4B-00C04F79EFBC}") = "WeatherBotApp", "WeatherBotApp\WeatherBotApp\WeatherBotApp.csproj", "{D4F62E71-E115-411D-81A8-30D032FEE7DD}"
EndProject
Global
	GlobalSection(SolutionConfigurationPlatforms) = preSolution
		Ad-Hoc|Any CPU = Ad-Hoc|Any CPU
		Ad-Hoc|ARM = Ad-Hoc|ARM
		Ad-Hoc|iPhone = Ad-Hoc|iPhone
		Ad-Hoc|iPhoneSimulator = Ad-Hoc|iPhoneSimulator
		Ad-Hoc|x64 = Ad-Hoc|x64
		Ad-Hoc|x86 = Ad-Hoc|x86
		AppStore|Any CPU = AppStore|Any CPU
		AppStore|ARM = AppStore|ARM
		AppStore|iPhone = AppStore|iPhone
		AppStore|iPhoneSimulator = AppStore|iPhoneSimulator
		AppStore|x64 = AppStore|x64
		AppStore|x86 = AppStore|x86
		Debug|Any CPU = Debug|Any CPU
		Debug|ARM = Debug|ARM
		Debug|iPhone = Debug|iPhone
		Debug|iPhoneSimulator = Debug|iPhoneSimulator
		Debug|x64 = Debug|x64
		Debug|x86 = Debug|x86
		Release|Any CPU = Release|Any CPU
		Release|ARM = Release|ARM
		Release|iPhone = Release|iPhone
		Release|iPhoneSimulator = Release|iPhoneSimulator
		Release|x64 = Release|x64
		Release|x86 = Release|x86
	EndGlobalSection
	GlobalSection(ProjectConfigurationPlatforms) = postSolution
		{C5680A14-1B33-40BD-8F69-78BAC445DA74}.Ad-Hoc|Any CPU.ActiveCfg = Release|Any CPU
		{C5680A14-1B33-40BD-8F69-78BAC445DA74}.Ad-Hoc|Any CPU.Build.0 = Release|Any CPU
		{C5680A14-1B33-40BD-8F69-78BAC445DA74}.Ad-Hoc|Any CPU.Deploy.0 = Release|Any CPU
		{C5680A14-1B33-40BD-8F69-78BAC445DA74}.Ad-Hoc|ARM.ActiveCfg = Release|Any CPU
		{C5680A14-1B33-40BD-8F69-78BAC445DA74}.Ad-Hoc|ARM.Build.0 = Release|Any CPU
		{C5680A14-1B33-40BD-8F69-78BAC445DA74}.Ad-Hoc|ARM.Deploy.0 = Release|Any CPU
		{C5680A14-1B33-40BD-8F69-78BAC445DA74}.Ad-Hoc|iPhone.ActiveCfg = Release|Any CPU
		{C5680A14-1B33-40BD-8F69-78BAC445DA74}.Ad-Hoc|iPhone.Build.0 = Release|Any CPU
		{C5680A14-1B33-40BD-8F69-78BAC445DA74}.Ad-Hoc|iPhone.Deploy.0 = Release|Any CPU
		{C5680A14-1B33-40BD-8F69-78BAC445DA74}.Ad-Hoc|iPhoneSimulator.ActiveCfg = Release|Any CPU
		{C5680A14-1B33-40BD-8F69-78BAC445DA74}.Ad-Hoc|iPhoneSimulator.Build.0 = Release|Any CPU
		{C5680A14-1B33-40BD-8F69-78BAC445DA74}.Ad-Hoc|iPhoneSimulator.Deploy.0 = Release|Any CPU
		{C5680A14-1B33-40BD-8F69-78BAC445DA74}.Ad-Hoc|x64.ActiveCfg = Release|Any CPU
		{C5680A14-1B33-40BD-8F69-78BAC445DA74}.Ad-Hoc|x64.Build.0 = Release|Any CPU
		{C5680A14-1B33-40BD-8F69-78BAC445DA74}.Ad-Hoc|x64.Deploy.0 = Release|Any CPU
		{C5680A14-1B33-40BD-8F69-78BAC445DA74}.Ad-Hoc|x86.ActiveCfg = Release|Any CPU
		{C5680A14-1B33-40BD-8F69-78BAC445DA74}.Ad-Hoc|x86.Build.0 = Release|Any CPU
		{C5680A14-1B33-40BD-8F69-78BAC445DA74}.Ad-Hoc|x86.Deploy.0 = Release|Any CPU
		{C5680A14-1B33-40BD-8F69-78BAC445DA74}.AppStore|Any CPU.ActiveCfg = Release|Any CPU
		{C5680A14-1B33-40BD-8F69-78BAC445DA74}.AppStore|Any CPU.Build.0 = Release|Any CPU
		{C5680A14-1B33-40BD-8F69-78BAC445DA74}.AppStore|Any CPU.Deploy.0 = Release|Any CPU
		{C5680A14-1B33-40BD-8F69-78BAC445DA74}.AppStore|ARM.ActiveCfg = Release|Any CPU
		{C5680A14-1B33-40BD-8F69-78BAC445DA74}.AppStore|ARM.Build.0 = Release|Any CPU
		{C5680A14-1B33-40BD-8F69-78BAC445DA74}.AppStore|ARM.Deploy.0 = Release|Any CPU
		{C5680A14-1B33-40BD-8F69-78BAC445DA74}.AppStore|iPhone.ActiveCfg = Release|Any CPU
		{C5680A14-1B33-40BD-8F69-78BAC445DA74}.AppStore|iPhone.Build.0 = Release|Any CPU
		{C5680A14-1B33-40BD-8F69-78BAC445DA74}.AppStore|iPhone.Deploy.0 = Release|Any CPU
		{C5680A14-1B33-40BD-8F69-78BAC445DA74}.AppStore|iPhoneSimulator.ActiveCfg = Release|Any CPU
		{C5680A14-1B33-40BD-8F69-78BAC445DA74}.AppStore|iPhoneSimulator.Build.0 = Release|Any CPU
		{C5680A14-1B33-40BD-8F69-78BAC445DA74}.AppStore|iPhoneSimulator.Deploy.0 = Release|Any CPU
		{C5680A14-1B33-40BD-8F69-78BAC445DA74}.AppStore|x64.ActiveCfg = Release|Any CPU
		{C5680A14-1B33-40BD-8F69-78BAC445DA74}.AppStore|x64.Build.0 = Release|Any CPU
		{C5680A14-1B33-40BD-8F69-78BAC445DA74}.AppStore|x64.Deploy.0 = Release|Any CPU
		{C5680A14-1B33-40BD-8F69-78BAC445DA74}.AppStore|x86.ActiveCfg = Release|Any CPU
		{C5680A14-1B33-40BD-8F69-78BAC445DA74}.AppStore|x86.Build.0 = Release|Any CPU
		{C5680A14-1B33-40BD-8F69-78BAC445DA74}.AppStore|x86.Deploy.0 = Release|Any CPU
		{C5680A14-1B33-40BD-8F69-78BAC445DA74}.Debug|Any CPU.ActiveCfg = Debug|Any CPU
		{C5680A14-1B33-40BD-8F69-78BAC445DA74}.Debug|Any CPU.Build.0 = Debug|Any CPU
		{C5680A14-1B33-40BD-8F69-78BAC445DA74}.Debug|Any CPU.Deploy.0 = Debug|Any CPU
		{C5680A14-1B33-40BD-8F69-78BAC445DA74}.Debug|ARM.ActiveCfg = Debug|Any CPU
		{C5680A14-1B33-40BD-8F69-78BAC445DA74}.Debug|ARM.Build.0 = Debug|Any CPU
		{C5680A14-1B33-40BD-8F69-78BAC445DA74}.Debug|ARM.Deploy.0 = Debug|Any CPU
		{C5680A14-1B33-40BD-8F69-78BAC445DA74}.Debug|iPhone.ActiveCfg = Debug|Any CPU
		{C5680A14-1B33-40BD-8F69-78BAC445DA74}.Debug|iPhone.Build.0 = Debug|Any CPU
		{C5680A14-1B33-40BD-8F69-78BAC445DA74}.Debug|iPhone.Deploy.0 = Debug|Any CPU
		{C5680A14-1B33-40BD-8F69-78BAC445DA74}.Debug|iPhoneSimulator.ActiveCfg = Debug|Any CPU
		{C5680A14-1B33-40BD-8F69-78BAC445DA74}.Debug|iPhoneSimulator.Build.0 = Debug|Any CPU
		{C5680A14-1B33-40BD-8F69-78BAC445DA74}.Debug|iPhoneSimulator.Deploy.0 = Debug|Any CPU
		{C5680A14-1B33-40BD-8F69-78BAC445DA74}.Debug|x64.ActiveCfg = Debug|Any CPU
		{C5680A14-1B33-40BD-8F69-78BAC445DA74}.Debug|x64.Build.0 = Debug|Any CPU
		{C5680A14-1B33-40BD-8F69-78BAC445DA74}.Debug|x64.Deploy.0 = Debug|Any CPU
		{C5680A14-1B33-40BD-8F69-78BAC445DA74}.Debug|x86.ActiveCfg = Debug|Any CPU
		{C5680A14-1B33-40BD-8F69-78BAC445DA74}.Debug|x86.Build.0 = Debug|Any CPU
		{C5680A14-1B33-40BD-8F69-78BAC445DA74}.Debug|x86.Deploy.0 = Debug|Any CPU
		{C5680A14-1B33-40BD-8F69-78BAC445DA74}.Release|Any CPU.ActiveCfg = Release|Any CPU
		{C5680A14-1B33-40BD-8F69-78BAC445DA74}.Release|Any CPU.Build.0 = Release|Any CPU
		{C5680A14-1B33-40BD-8F69-78BAC445DA74}.Release|Any CPU.Deploy.0 = Release|Any CPU
		{C5680A14-1B33-40BD-8F69-78BAC445DA74}.Release|ARM.ActiveCfg = Release|Any CPU
		{C5680A14-1B33-40BD-8F69-78BAC445DA74}.Release|ARM.Build.0 = Release|Any CPU
		{C5680A14-1B33-40BD-8F69-78BAC445DA74}.Release|ARM.Deploy.0 = Release|Any CPU
		{C5680A14-1B33-40BD-8F69-78BAC445DA74}.Release|iPhone.ActiveCfg = Release|Any CPU
		{C5680A14-1B33-40BD-8F69-78BAC445DA74}.Release|iPhone.Build.0 = Release|Any CPU
		{C5680A14-1B33-40BD-8F69-78BAC445DA74}.Release|iPhone.Deploy.0 = Release|Any CPU
		{C5680A14-1B33-40BD-8F69-78BAC445DA74}.Release|iPhoneSimulator.ActiveCfg = Release|Any CPU
		{C5680A14-1B33-40BD-8F69-78BAC445DA74}.Release|iPhoneSimulator.Build.0 = Release|Any CPU
		{C5680A14-1B33-40BD-8F69-78BAC445DA74}.Release|iPhoneSimulator.Deploy.0 = Release|Any CPU
		{C5680A14-1B33-40BD-8F69-78BAC445DA74}.Release|x64.ActiveCfg = Release|Any CPU
		{C5680A14-1B33-40BD-8F69-78BAC445DA74}.Release|x64.Build.0 = Release|Any CPU
		{C5680A14-1B33-40BD-8F69-78BAC445DA74}.Release|x64.Deploy.0 = Release|Any CPU
		{C5680A14-1B33-40BD-8F69-78BAC445DA74}.Release|x86.ActiveCfg = Release|Any CPU
		{C5680A14-1B33-40BD-8F69-78BAC445DA74}.Release|x86.Build.0 = Release|Any CPU
		{C5680A14-1B33-40BD-8F69-78BAC445DA74}.Release|x86.Deploy.0 = Release|Any CPU
		{CFF184EF-F57A-4232-9ADE-CD7C8FFB4A37}.Ad-Hoc|Any CPU.ActiveCfg = Ad-Hoc|iPhone
		{CFF184EF-F57A-4232-9ADE-CD7C8FFB4A37}.Ad-Hoc|Any CPU.Build.0 = Ad-Hoc|iPhone
		{CFF184EF-F57A-4232-9ADE-CD7C8FFB4A37}.Ad-Hoc|Any CPU.Deploy.0 = Ad-Hoc|iPhone
		{CFF184EF-F57A-4232-9ADE-CD7C8FFB4A37}.Ad-Hoc|ARM.ActiveCfg = Ad-Hoc|iPhone
		{CFF184EF-F57A-4232-9ADE-CD7C8FFB4A37}.Ad-Hoc|ARM.Build.0 = Ad-Hoc|iPhone
		{CFF184EF-F57A-4232-9ADE-CD7C8FFB4A37}.Ad-Hoc|ARM.Deploy.0 = Ad-Hoc|iPhone
		{CFF184EF-F57A-4232-9ADE-CD7C8FFB4A37}.Ad-Hoc|iPhone.ActiveCfg = Ad-Hoc|iPhone
		{CFF184EF-F57A-4232-9ADE-CD7C8FFB4A37}.Ad-Hoc|iPhone.Build.0 = Ad-Hoc|iPhone
		{CFF184EF-F57A-4232-9ADE-CD7C8FFB4A37}.Ad-Hoc|iPhone.Deploy.0 = Ad-Hoc|iPhone
		{CFF184EF-F57A-4232-9ADE-CD7C8FFB4A37}.Ad-Hoc|iPhoneSimulator.ActiveCfg = Ad-Hoc|iPhoneSimulator
		{CFF184EF-F57A-4232-9ADE-CD7C8FFB4A37}.Ad-Hoc|iPhoneSimulator.Build.0 = Ad-Hoc|iPhoneSimulator
		{CFF184EF-F57A-4232-9ADE-CD7C8FFB4A37}.Ad-Hoc|iPhoneSimulator.Deploy.0 = Ad-Hoc|iPhoneSimulator
		{CFF184EF-F57A-4232-9ADE-CD7C8FFB4A37}.Ad-Hoc|x64.ActiveCfg = Ad-Hoc|iPhone
		{CFF184EF-F57A-4232-9ADE-CD7C8FFB4A37}.Ad-Hoc|x64.Build.0 = Ad-Hoc|iPhone
		{CFF184EF-F57A-4232-9ADE-CD7C8FFB4A37}.Ad-Hoc|x64.Deploy.0 = Ad-Hoc|iPhone
		{CFF184EF-F57A-4232-9ADE-CD7C8FFB4A37}.Ad-Hoc|x86.ActiveCfg = Ad-Hoc|iPhone
		{CFF184EF-F57A-4232-9ADE-CD7C8FFB4A37}.Ad-Hoc|x86.Build.0 = Ad-Hoc|iPhone
		{CFF184EF-F57A-4232-9ADE-CD7C8FFB4A37}.Ad-Hoc|x86.Deploy.0 = Ad-Hoc|iPhone
		{CFF184EF-F57A-4232-9ADE-CD7C8FFB4A37}.AppStore|Any CPU.ActiveCfg = AppStore|iPhone
		{CFF184EF-F57A-4232-9ADE-CD7C8FFB4A37}.AppStore|Any CPU.Build.0 = AppStore|iPhone
		{CFF184EF-F57A-4232-9ADE-CD7C8FFB4A37}.AppStore|Any CPU.Deploy.0 = AppStore|iPhone
		{CFF184EF-F57A-4232-9ADE-CD7C8FFB4A37}.AppStore|ARM.ActiveCfg = AppStore|iPhone
		{CFF184EF-F57A-4232-9ADE-CD7C8FFB4A37}.AppStore|ARM.Build.0 = AppStore|iPhone
		{CFF184EF-F57A-4232-9ADE-CD7C8FFB4A37}.AppStore|ARM.Deploy.0 = AppStore|iPhone
		{CFF184EF-F57A-4232-9ADE-CD7C8FFB4A37}.AppStore|iPhone.ActiveCfg = AppStore|iPhone
		{CFF184EF-F57A-4232-9ADE-CD7C8FFB4A37}.AppStore|iPhone.Build.0 = AppStore|iPhone
		{CFF184EF-F57A-4232-9ADE-CD7C8FFB4A37}.AppStore|iPhone.Deploy.0 = AppStore|iPhone
		{CFF184EF-F57A-4232-9ADE-CD7C8FFB4A37}.AppStore|iPhoneSimulator.ActiveCfg = AppStore|iPhoneSimulator
		{CFF184EF-F57A-4232-9ADE-CD7C8FFB4A37}.AppStore|iPhoneSimulator.Build.0 = AppStore|iPhoneSimulator
		{CFF184EF-F57A-4232-9ADE-CD7C8FFB4A37}.AppStore|iPhoneSimulator.Deploy.0 = AppStore|iPhoneSimulator
		{CFF184EF-F57A-4232-9ADE-CD7C8FFB4A37}.AppStore|x64.ActiveCfg = AppStore|iPhone
		{CFF184EF-F57A-4232-9ADE-CD7C8FFB4A37}.AppStore|x64.Build.0 = AppStore|iPhone
		{CFF184EF-F57A-4232-9ADE-CD7C8FFB4A37}.AppStore|x64.Deploy.0 = AppStore|iPhone
		{CFF184EF-F57A-4232-9ADE-CD7C8FFB4A37}.AppStore|x86.ActiveCfg = AppStore|iPhone
		{CFF184EF-F57A-4232-9ADE-CD7C8FFB4A37}.AppStore|x86.Build.0 = AppStore|iPhone
		{CFF184EF-F57A-4232-9ADE-CD7C8FFB4A37}.AppStore|x86.Deploy.0 = AppStore|iPhone
		{CFF184EF-F57A-4232-9ADE-CD7C8FFB4A37}.Debug|Any CPU.ActiveCfg = Debug|iPhoneSimulator
		{CFF184EF-F57A-4232-9ADE-CD7C8FFB4A37}.Debug|Any CPU.Build.0 = Debug|iPhoneSimulator
		{CFF184EF-F57A-4232-9ADE-CD7C8FFB4A37}.Debug|Any CPU.Deploy.0 = Debug|iPhoneSimulator
		{CFF184EF-F57A-4232-9ADE-CD7C8FFB4A37}.Debug|ARM.ActiveCfg = Debug|iPhone
		{CFF184EF-F57A-4232-9ADE-CD7C8FFB4A37}.Debug|ARM.Build.0 = Debug|iPhone
		{CFF184EF-F57A-4232-9ADE-CD7C8FFB4A37}.Debug|ARM.Deploy.0 = Debug|iPhone
		{CFF184EF-F57A-4232-9ADE-CD7C8FFB4A37}.Debug|iPhone.ActiveCfg = Debug|iPhone
		{CFF184EF-F57A-4232-9ADE-CD7C8FFB4A37}.Debug|iPhone.Build.0 = Debug|iPhone
		{CFF184EF-F57A-4232-9ADE-CD7C8FFB4A37}.Debug|iPhone.Deploy.0 = Debug|iPhone
		{CFF184EF-F57A-4232-9ADE-CD7C8FFB4A37}.Debug|iPhoneSimulator.ActiveCfg = Debug|iPhoneSimulator
		{CFF184EF-F57A-4232-9ADE-CD7C8FFB4A37}.Debug|iPhoneSimulator.Build.0 = Debug|iPhoneSimulator
		{CFF184EF-F57A-4232-9ADE-CD7C8FFB4A37}.Debug|iPhoneSimulator.Deploy.0 = Debug|iPhoneSimulator
		{CFF184EF-F57A-4232-9ADE-CD7C8FFB4A37}.Debug|x64.ActiveCfg = Debug|iPhone
		{CFF184EF-F57A-4232-9ADE-CD7C8FFB4A37}.Debug|x64.Build.0 = Debug|iPhone
		{CFF184EF-F57A-4232-9ADE-CD7C8FFB4A37}.Debug|x64.Deploy.0 = Debug|iPhone
		{CFF184EF-F57A-4232-9ADE-CD7C8FFB4A37}.Debug|x86.ActiveCfg = Debug|iPhone
		{CFF184EF-F57A-4232-9ADE-CD7C8FFB4A37}.Debug|x86.Build.0 = Debug|iPhone
		{CFF184EF-F57A-4232-9ADE-CD7C8FFB4A37}.Debug|x86.Deploy.0 = Debug|iPhone
		{CFF184EF-F57A-4232-9ADE-CD7C8FFB4A37}.Release|Any CPU.ActiveCfg = Release|iPhone
		{CFF184EF-F57A-4232-9ADE-CD7C8FFB4A37}.Release|Any CPU.Build.0 = Release|iPhone
		{CFF184EF-F57A-4232-9ADE-CD7C8FFB4A37}.Release|Any CPU.Deploy.0 = Release|iPhone
		{CFF184EF-F57A-4232-9ADE-CD7C8FFB4A37}.Release|ARM.ActiveCfg = Release|iPhone
		{CFF184EF-F57A-4232-9ADE-CD7C8FFB4A37}.Release|ARM.Build.0 = Release|iPhone
		{CFF184EF-F57A-4232-9ADE-CD7C8FFB4A37}.Release|ARM.Deploy.0 = Release|iPhone
		{CFF184EF-F57A-4232-9ADE-CD7C8FFB4A37}.Release|iPhone.ActiveCfg = Release|iPhone
		{CFF184EF-F57A-4232-9ADE-CD7C8FFB4A37}.Release|iPhone.Build.0 = Release|iPhone
		{CFF184EF-F57A-4232-9ADE-CD7C8FFB4A37}.Release|iPhone.Deploy.0 = Release|iPhone
		{CFF184EF-F57A-4232-9ADE-CD7C8FFB4A37}.Release|iPhoneSimulator.ActiveCfg = Release|iPhoneSimulator
		{CFF184EF-F57A-4232-9ADE-CD7C8FFB4A37}.Release|iPhoneSimulator.Build.0 = Release|iPhoneSimulator
		{CFF184EF-F57A-4232-9ADE-CD7C8FFB4A37}.Release|iPhoneSimulator.Deploy.0 = Release|iPhoneSimulator
		{CFF184EF-F57A-4232-9ADE-CD7C8FFB4A37}.Release|x64.ActiveCfg = Release|iPhone
		{CFF184EF-F57A-4232-9ADE-CD7C8FFB4A37}.Release|x64.Build.0 = Release|iPhone
		{CFF184EF-F57A-4232-9ADE-CD7C8FFB4A37}.Release|x64.Deploy.0 = Release|iPhone
		{CFF184EF-F57A-4232-9ADE-CD7C8FFB4A37}.Release|x86.ActiveCfg = Release|iPhone
		{CFF184EF-F57A-4232-9ADE-CD7C8FFB4A37}.Release|x86.Build.0 = Release|iPhone
		{CFF184EF-F57A-4232-9ADE-CD7C8FFB4A37}.Release|x86.Deploy.0 = Release|iPhone
		{9842535D-748F-4AFE-8F7E-C67E01189096}.Ad-Hoc|Any CPU.ActiveCfg = Release|x86
		{9842535D-748F-4AFE-8F7E-C67E01189096}.Ad-Hoc|Any CPU.Build.0 = Release|x86
		{9842535D-748F-4AFE-8F7E-C67E01189096}.Ad-Hoc|Any CPU.Deploy.0 = Release|x86
		{9842535D-748F-4AFE-8F7E-C67E01189096}.Ad-Hoc|ARM.ActiveCfg = Release|ARM
		{9842535D-748F-4AFE-8F7E-C67E01189096}.Ad-Hoc|ARM.Build.0 = Release|ARM
		{9842535D-748F-4AFE-8F7E-C67E01189096}.Ad-Hoc|ARM.Deploy.0 = Release|ARM
		{9842535D-748F-4AFE-8F7E-C67E01189096}.Ad-Hoc|iPhone.ActiveCfg = Release|x86
		{9842535D-748F-4AFE-8F7E-C67E01189096}.Ad-Hoc|iPhone.Build.0 = Release|x86
		{9842535D-748F-4AFE-8F7E-C67E01189096}.Ad-Hoc|iPhone.Deploy.0 = Release|x86
		{9842535D-748F-4AFE-8F7E-C67E01189096}.Ad-Hoc|iPhoneSimulator.ActiveCfg = Release|x86
		{9842535D-748F-4AFE-8F7E-C67E01189096}.Ad-Hoc|iPhoneSimulator.Build.0 = Release|x86
		{9842535D-748F-4AFE-8F7E-C67E01189096}.Ad-Hoc|iPhoneSimulator.Deploy.0 = Release|x86
		{9842535D-748F-4AFE-8F7E-C67E01189096}.Ad-Hoc|x64.ActiveCfg = Release|x64
		{9842535D-748F-4AFE-8F7E-C67E01189096}.Ad-Hoc|x64.Build.0 = Release|x64
		{9842535D-748F-4AFE-8F7E-C67E01189096}.Ad-Hoc|x64.Deploy.0 = Release|x64
		{9842535D-748F-4AFE-8F7E-C67E01189096}.Ad-Hoc|x86.ActiveCfg = Release|x86
		{9842535D-748F-4AFE-8F7E-C67E01189096}.Ad-Hoc|x86.Build.0 = Release|x86
		{9842535D-748F-4AFE-8F7E-C67E01189096}.Ad-Hoc|x86.Deploy.0 = Release|x86
		{9842535D-748F-4AFE-8F7E-C67E01189096}.AppStore|Any CPU.ActiveCfg = Release|x86
		{9842535D-748F-4AFE-8F7E-C67E01189096}.AppStore|Any CPU.Build.0 = Release|x86
		{9842535D-748F-4AFE-8F7E-C67E01189096}.AppStore|Any CPU.Deploy.0 = Release|x86
		{9842535D-748F-4AFE-8F7E-C67E01189096}.AppStore|ARM.ActiveCfg = Release|ARM
		{9842535D-748F-4AFE-8F7E-C67E01189096}.AppStore|ARM.Build.0 = Release|ARM
		{9842535D-748F-4AFE-8F7E-C67E01189096}.AppStore|ARM.Deploy.0 = Release|ARM
		{9842535D-748F-4AFE-8F7E-C67E01189096}.AppStore|iPhone.ActiveCfg = Release|x86
		{9842535D-748F-4AFE-8F7E-C67E01189096}.AppStore|iPhone.Build.0 = Release|x86
		{9842535D-748F-4AFE-8F7E-C67E01189096}.AppStore|iPhone.Deploy.0 = Release|x86
		{9842535D-748F-4AFE-8F7E-C67E01189096}.AppStore|iPhoneSimulator.ActiveCfg = Release|x86
		{9842535D-748F-4AFE-8F7E-C67E01189096}.AppStore|iPhoneSimulator.Build.0 = Release|x86
		{9842535D-748F-4AFE-8F7E-C67E01189096}.AppStore|iPhoneSimulator.Deploy.0 = Release|x86
		{9842535D-748F-4AFE-8F7E-C67E01189096}.AppStore|x64.ActiveCfg = Release|x64
		{9842535D-748F-4AFE-8F7E-C67E01189096}.AppStore|x64.Build.0 = Release|x64
		{9842535D-748F-4AFE-8F7E-C67E01189096}.AppStore|x64.Deploy.0 = Release|x64
		{9842535D-748F-4AFE-8F7E-C67E01189096}.AppStore|x86.ActiveCfg = Release|x86
		{9842535D-748F-4AFE-8F7E-C67E01189096}.AppStore|x86.Build.0 = Release|x86
		{9842535D-748F-4AFE-8F7E-C67E01189096}.AppStore|x86.Deploy.0 = Release|x86
		{9842535D-748F-4AFE-8F7E-C67E01189096}.Debug|Any CPU.ActiveCfg = Debug|x86
		{9842535D-748F-4AFE-8F7E-C67E01189096}.Debug|Any CPU.Build.0 = Debug|x86
		{9842535D-748F-4AFE-8F7E-C67E01189096}.Debug|Any CPU.Deploy.0 = Debug|x86
		{9842535D-748F-4AFE-8F7E-C67E01189096}.Debug|ARM.ActiveCfg = Debug|ARM
		{9842535D-748F-4AFE-8F7E-C67E01189096}.Debug|ARM.Build.0 = Debug|ARM
		{9842535D-748F-4AFE-8F7E-C67E01189096}.Debug|ARM.Deploy.0 = Debug|ARM
		{9842535D-748F-4AFE-8F7E-C67E01189096}.Debug|iPhone.ActiveCfg = Debug|x86
		{9842535D-748F-4AFE-8F7E-C67E01189096}.Debug|iPhone.Build.0 = Debug|x86
		{9842535D-748F-4AFE-8F7E-C67E01189096}.Debug|iPhone.Deploy.0 = Debug|x86
		{9842535D-748F-4AFE-8F7E-C67E01189096}.Debug|iPhoneSimulator.ActiveCfg = Debug|x86
		{9842535D-748F-4AFE-8F7E-C67E01189096}.Debug|iPhoneSimulator.Build.0 = Debug|x86
		{9842535D-748F-4AFE-8F7E-C67E01189096}.Debug|iPhoneSimulator.Deploy.0 = Debug|x86
		{9842535D-748F-4AFE-8F7E-C67E01189096}.Debug|x64.ActiveCfg = Debug|x64
		{9842535D-748F-4AFE-8F7E-C67E01189096}.Debug|x64.Build.0 = Debug|x64
		{9842535D-748F-4AFE-8F7E-C67E01189096}.Debug|x64.Deploy.0 = Debug|x64
		{9842535D-748F-4AFE-8F7E-C67E01189096}.Debug|x86.ActiveCfg = Debug|x86
		{9842535D-748F-4AFE-8F7E-C67E01189096}.Debug|x86.Build.0 = Debug|x86
		{9842535D-748F-4AFE-8F7E-C67E01189096}.Debug|x86.Deploy.0 = Debug|x86
		{9842535D-748F-4AFE-8F7E-C67E01189096}.Release|Any CPU.ActiveCfg = Release|x86
		{9842535D-748F-4AFE-8F7E-C67E01189096}.Release|Any CPU.Build.0 = Release|x86
		{9842535D-748F-4AFE-8F7E-C67E01189096}.Release|Any CPU.Deploy.0 = Release|x86
		{9842535D-748F-4AFE-8F7E-C67E01189096}.Release|ARM.ActiveCfg = Release|ARM
		{9842535D-748F-4AFE-8F7E-C67E01189096}.Release|ARM.Build.0 = Release|ARM
		{9842535D-748F-4AFE-8F7E-C67E01189096}.Release|ARM.Deploy.0 = Release|ARM
		{9842535D-748F-4AFE-8F7E-C67E01189096}.Release|iPhone.ActiveCfg = Release|x86
		{9842535D-748F-4AFE-8F7E-C67E01189096}.Release|iPhone.Build.0 = Release|x86
		{9842535D-748F-4AFE-8F7E-C67E01189096}.Release|iPhone.Deploy.0 = Release|x86
		{9842535D-748F-4AFE-8F7E-C67E01189096}.Release|iPhoneSimulator.ActiveCfg = Release|x86
		{9842535D-748F-4AFE-8F7E-C67E01189096}.Release|iPhoneSimulator.Build.0 = Release|x86
		{9842535D-748F-4AFE-8F7E-C67E01189096}.Release|iPhoneSimulator.Deploy.0 = Release|x86
		{9842535D-748F-4AFE-8F7E-C67E01189096}.Release|x64.ActiveCfg = Release|x64
		{9842535D-748F-4AFE-8F7E-C67E01189096}.Release|x64.Build.0 = Release|x64
		{9842535D-748F-4AFE-8F7E-C67E01189096}.Release|x64.Deploy.0 = Release|x64
		{9842535D-748F-4AFE-8F7E-C67E01189096}.Release|x86.ActiveCfg = Release|x86
		{9842535D-748F-4AFE-8F7E-C67E01189096}.Release|x86.Build.0 = Release|x86
		{9842535D-748F-4AFE-8F7E-C67E01189096}.Release|x86.Deploy.0 = Release|x86
		{D4F62E71-E115-411D-81A8-30D032FEE7DD}.Ad-Hoc|Any CPU.ActiveCfg = Debug|Any CPU
		{D4F62E71-E115-411D-81A8-30D032FEE7DD}.Ad-Hoc|Any CPU.Build.0 = Debug|Any CPU
		{D4F62E71-E115-411D-81A8-30D032FEE7DD}.Ad-Hoc|Any CPU.Deploy.0 = Debug|Any CPU
		{D4F62E71-E115-411D-81A8-30D032FEE7DD}.Ad-Hoc|ARM.ActiveCfg = Debug|Any CPU
		{D4F62E71-E115-411D-81A8-30D032FEE7DD}.Ad-Hoc|ARM.Build.0 = Debug|Any CPU
		{D4F62E71-E115-411D-81A8-30D032FEE7DD}.Ad-Hoc|ARM.Deploy.0 = Debug|Any CPU
		{D4F62E71-E115-411D-81A8-30D032FEE7DD}.Ad-Hoc|iPhone.ActiveCfg = Debug|Any CPU
		{D4F62E71-E115-411D-81A8-30D032FEE7DD}.Ad-Hoc|iPhone.Build.0 = Debug|Any CPU
		{D4F62E71-E115-411D-81A8-30D032FEE7DD}.Ad-Hoc|iPhone.Deploy.0 = Debug|Any CPU
		{D4F62E71-E115-411D-81A8-30D032FEE7DD}.Ad-Hoc|iPhoneSimulator.ActiveCfg = Debug|Any CPU
		{D4F62E71-E115-411D-81A8-30D032FEE7DD}.Ad-Hoc|iPhoneSimulator.Build.0 = Debug|Any CPU
		{D4F62E71-E115-411D-81A8-30D032FEE7DD}.Ad-Hoc|iPhoneSimulator.Deploy.0 = Debug|Any CPU
		{D4F62E71-E115-411D-81A8-30D032FEE7DD}.Ad-Hoc|x64.ActiveCfg = Debug|Any CPU
		{D4F62E71-E115-411D-81A8-30D032FEE7DD}.Ad-Hoc|x64.Build.0 = Debug|Any CPU
		{D4F62E71-E115-411D-81A8-30D032FEE7DD}.Ad-Hoc|x64.Deploy.0 = Debug|Any CPU
		{D4F62E71-E115-411D-81A8-30D032FEE7DD}.Ad-Hoc|x86.ActiveCfg = Debug|Any CPU
		{D4F62E71-E115-411D-81A8-30D032FEE7DD}.Ad-Hoc|x86.Build.0 = Debug|Any CPU
		{D4F62E71-E115-411D-81A8-30D032FEE7DD}.Ad-Hoc|x86.Deploy.0 = Debug|Any CPU
		{D4F62E71-E115-411D-81A8-30D032FEE7DD}.AppStore|Any CPU.ActiveCfg = Debug|Any CPU
		{D4F62E71-E115-411D-81A8-30D032FEE7DD}.AppStore|Any CPU.Build.0 = Debug|Any CPU
		{D4F62E71-E115-411D-81A8-30D032FEE7DD}.AppStore|Any CPU.Deploy.0 = Debug|Any CPU
		{D4F62E71-E115-411D-81A8-30D032FEE7DD}.AppStore|ARM.ActiveCfg = Debug|Any CPU
		{D4F62E71-E115-411D-81A8-30D032FEE7DD}.AppStore|ARM.Build.0 = Debug|Any CPU
		{D4F62E71-E115-411D-81A8-30D032FEE7DD}.AppStore|ARM.Deploy.0 = Debug|Any CPU
		{D4F62E71-E115-411D-81A8-30D032FEE7DD}.AppStore|iPhone.ActiveCfg = Debug|Any CPU
		{D4F62E71-E115-411D-81A8-30D032FEE7DD}.AppStore|iPhone.Build.0 = Debug|Any CPU
		{D4F62E71-E115-411D-81A8-30D032FEE7DD}.AppStore|iPhone.Deploy.0 = Debug|Any CPU
		{D4F62E71-E115-411D-81A8-30D032FEE7DD}.AppStore|iPhoneSimulator.ActiveCfg = Debug|Any CPU
		{D4F62E71-E115-411D-81A8-30D032FEE7DD}.AppStore|iPhoneSimulator.Build.0 = Debug|Any CPU
		{D4F62E71-E115-411D-81A8-30D032FEE7DD}.AppStore|iPhoneSimulator.Deploy.0 = Debug|Any CPU
		{D4F62E71-E115-411D-81A8-30D032FEE7DD}.AppStore|x64.ActiveCfg = Debug|Any CPU
		{D4F62E71-E115-411D-81A8-30D032FEE7DD}.AppStore|x64.Build.0 = Debug|Any CPU
		{D4F62E71-E115-411D-81A8-30D032FEE7DD}.AppStore|x64.Deploy.0 = Debug|Any CPU
		{D4F62E71-E115-411D-81A8-30D032FEE7DD}.AppStore|x86.ActiveCfg = Debug|Any CPU
		{D4F62E71-E115-411D-81A8-30D032FEE7DD}.AppStore|x86.Build.0 = Debug|Any CPU
		{D4F62E71-E115-411D-81A8-30D032FEE7DD}.AppStore|x86.Deploy.0 = Debug|Any CPU
		{D4F62E71-E115-411D-81A8-30D032FEE7DD}.Debug|Any CPU.ActiveCfg = Debug|Any CPU
		{D4F62E71-E115-411D-81A8-30D032FEE7DD}.Debug|Any CPU.Build.0 = Debug|Any CPU
		{D4F62E71-E115-411D-81A8-30D032FEE7DD}.Debug|Any CPU.Deploy.0 = Debug|Any CPU
		{D4F62E71-E115-411D-81A8-30D032FEE7DD}.Debug|ARM.ActiveCfg = Debug|Any CPU
		{D4F62E71-E115-411D-81A8-30D032FEE7DD}.Debug|ARM.Build.0 = Debug|Any CPU
		{D4F62E71-E115-411D-81A8-30D032FEE7DD}.Debug|ARM.Deploy.0 = Debug|Any CPU
		{D4F62E71-E115-411D-81A8-30D032FEE7DD}.Debug|iPhone.ActiveCfg = Debug|Any CPU
		{D4F62E71-E115-411D-81A8-30D032FEE7DD}.Debug|iPhone.Build.0 = Debug|Any CPU
		{D4F62E71-E115-411D-81A8-30D032FEE7DD}.Debug|iPhone.Deploy.0 = Debug|Any CPU
		{D4F62E71-E115-411D-81A8-30D032FEE7DD}.Debug|iPhoneSimulator.ActiveCfg = Debug|Any CPU
		{D4F62E71-E115-411D-81A8-30D032FEE7DD}.Debug|iPhoneSimulator.Build.0 = Debug|Any CPU
		{D4F62E71-E115-411D-81A8-30D032FEE7DD}.Debug|iPhoneSimulator.Deploy.0 = Debug|Any CPU
		{D4F62E71-E115-411D-81A8-30D032FEE7DD}.Debug|x64.ActiveCfg = Debug|Any CPU
		{D4F62E71-E115-411D-81A8-30D032FEE7DD}.Debug|x64.Build.0 = Debug|Any CPU
		{D4F62E71-E115-411D-81A8-30D032FEE7DD}.Debug|x64.Deploy.0 = Debug|Any CPU
		{D4F62E71-E115-411D-81A8-30D032FEE7DD}.Debug|x86.ActiveCfg = Debug|Any CPU
		{D4F62E71-E115-411D-81A8-30D032FEE7DD}.Debug|x86.Build.0 = Debug|Any CPU
		{D4F62E71-E115-411D-81A8-30D032FEE7DD}.Debug|x86.Deploy.0 = Debug|Any CPU
		{D4F62E71-E115-411D-81A8-30D032FEE7DD}.Release|Any CPU.ActiveCfg = Release|Any CPU
		{D4F62E71-E115-411D-81A8-30D032FEE7DD}.Release|Any CPU.Build.0 = Release|Any CPU
		{D4F62E71-E115-411D-81A8-30D032FEE7DD}.Release|Any CPU.Deploy.0 = Release|Any CPU
		{D4F62E71-E115-411D-81A8-30D032FEE7DD}.Release|ARM.ActiveCfg = Release|Any CPU
		{D4F62E71-E115-411D-81A8-30D032FEE7DD}.Release|ARM.Build.0 = Release|Any CPU
		{D4F62E71-E115-411D-81A8-30D032FEE7DD}.Release|ARM.Deploy.0 = Release|Any CPU
		{D4F62E71-E115-411D-81A8-30D032FEE7DD}.Release|iPhone.ActiveCfg = Release|Any CPU
		{D4F62E71-E115-411D-81A8-30D032FEE7DD}.Release|iPhone.Build.0 = Release|Any CPU
		{D4F62E71-E115-411D-81A8-30D032FEE7DD}.Release|iPhone.Deploy.0 = Release|Any CPU
		{D4F62E71-E115-411D-81A8-30D032FEE7DD}.Release|iPhoneSimulator.ActiveCfg = Release|Any CPU
		{D4F62E71-E115-411D-81A8-30D032FEE7DD}.Release|iPhoneSimulator.Build.0 = Release|Any CPU
		{D4F62E71-E115-411D-81A8-30D032FEE7DD}.Release|iPhoneSimulator.Deploy.0 = Release|Any CPU
		{D4F62E71-E115-411D-81A8-30D032FEE7DD}.Release|x64.ActiveCfg = Release|Any CPU
		{D4F62E71-E115-411D-81A8-30D032FEE7DD}.Release|x64.Build.0 = Release|Any CPU
		{D4F62E71-E115-411D-81A8-30D032FEE7DD}.Release|x64.Deploy.0 = Release|Any CPU
		{D4F62E71-E115-411D-81A8-30D032FEE7DD}.Release|x86.ActiveCfg = Release|Any CPU
		{D4F62E71-E115-411D-81A8-30D032FEE7DD}.Release|x86.Build.0 = Release|Any CPU
		{D4F62E71-E115-411D-81A8-30D032FEE7DD}.Release|x86.Deploy.0 = Release|Any CPU
	EndGlobalSection
	GlobalSection(SolutionProperties) = preSolution
		HideSolutionNode = FALSE
	EndGlobalSection
	GlobalSection(ExtensibilityGlobals) = postSolution
		SolutionGuid = {888450DD-9E95-4F51-864B-6E7A7F8665E7}
	EndGlobalSection
EndGlobal
